// !$*UTF8*$!
{
	archiveVersion = 1;
	classes = {
	};
	objectVersion = 50;
	objects = {

/* Begin PBXBuildFile section */
		8B67605524C7872C00FD88EA /* AppDelegate.swift in Sources */ = {isa = PBXBuildFile; fileRef = 8B67605424C7872C00FD88EA /* AppDelegate.swift */; };
		8B67605724C7872C00FD88EA /* SceneDelegate.swift in Sources */ = {isa = PBXBuildFile; fileRef = 8B67605624C7872C00FD88EA /* SceneDelegate.swift */; };
		8B67605924C7872C00FD88EA /* ViewController.swift in Sources */ = {isa = PBXBuildFile; fileRef = 8B67605824C7872C00FD88EA /* ViewController.swift */; };
		8B67605C24C7872D00FD88EA /* Main.storyboard in Resources */ = {isa = PBXBuildFile; fileRef = 8B67605A24C7872D00FD88EA /* Main.storyboard */; };
		8B67605E24C7873A00FD88EA /* Assets.xcassets in Resources */ = {isa = PBXBuildFile; fileRef = 8B67605D24C7873A00FD88EA /* Assets.xcassets */; };
		8B67606124C7873A00FD88EA /* LaunchScreen.storyboard in Resources */ = {isa = PBXBuildFile; fileRef = 8B67605F24C7873A00FD88EA /* LaunchScreen.storyboard */; };
		8B67606C24C7873B00FD88EA /* MyProjectTests.swift in Sources */ = {isa = PBXBuildFile; fileRef = 8B67606B24C7873B00FD88EA /* MyProjectTests.swift */; };
		8B67607724C7873B00FD88EA /* MyProjectUITests.swift in Sources */ = {isa = PBXBuildFile; fileRef = 8B67607624C7873B00FD88EA /* MyProjectUITests.swift */; };
/* End PBXBuildFile section */

/* Begin PBXContainerItemProxy section */
		8B67606824C7873B00FD88EA /* PBXContainerItemProxy */ = {
			isa = PBXContainerItemProxy;
			containerPortal = 8B67604924C7872C00FD88EA /* Project object */;
			proxyType = 1;
			remoteGlobalIDString = 8B67605024C7872C00FD88EA;
			remoteInfo = MyProject;
		};
		8B67607324C7873B00FD88EA /* PBXContainerItemProxy */ = {
			isa = PBXContainerItemProxy;
			containerPortal = 8B67604924C7872C00FD88EA /* Project object */;
			proxyType = 1;
			remoteGlobalIDString = 8B67605024C7872C00FD88EA;
			remoteInfo = MyProject;
		};
/* End PBXContainerItemProxy section */

/* Begin PBXFileReference section */
		8B67605124C7872C00FD88EA /* MyProject.app */ = {isa = PBXFileReference; explicitFileType = wrapper.application; includeInIndex = 0; path = MyProject.app; sourceTree = BUILT_PRODUCTS_DIR; };
		8B67605424C7872C00FD88EA /* AppDelegate.swift */ = {isa = PBXFileReference; lastKnownFileType = sourcecode.swift; path = AppDelegate.swift; sourceTree = "<group>"; };
		8B67605624C7872C00FD88EA /* SceneDelegate.swift */ = {isa = PBXFileReference; lastKnownFileType = sourcecode.swift; path = SceneDelegate.swift; sourceTree = "<group>"; };
		8B67605824C7872C00FD88EA /* ViewController.swift */ = {isa = PBXFileReference; lastKnownFileType = sourcecode.swift; path = ViewController.swift; sourceTree = "<group>"; };
		8B67605B24C7872D00FD88EA /* Base */ = {isa = PBXFileReference; lastKnownFileType = file.storyboard; name = Base; path = Base.lproj/Main.storyboard; sourceTree = "<group>"; };
		8B67605D24C7873A00FD88EA /* Assets.xcassets */ = {isa = PBXFileReference; lastKnownFileType = folder.assetcatalog; path = Assets.xcassets; sourceTree = "<group>"; };
		8B67606024C7873A00FD88EA /* Base */ = {isa = PBXFileReference; lastKnownFileType = file.storyboard; name = Base; path = Base.lproj/LaunchScreen.storyboard; sourceTree = "<group>"; };
		8B67606224C7873A00FD88EA /* Info.plist */ = {isa = PBXFileReference; lastKnownFileType = text.plist.xml; path = Info.plist; sourceTree = "<group>"; };
		8B67606724C7873B00FD88EA /* MyProjectTests.xctest */ = {isa = PBXFileReference; explicitFileType = wrapper.cfbundle; includeInIndex = 0; path = MyProjectTests.xctest; sourceTree = BUILT_PRODUCTS_DIR; };
		8B67606B24C7873B00FD88EA /* MyProjectTests.swift */ = {isa = PBXFileReference; lastKnownFileType = sourcecode.swift; path = MyProjectTests.swift; sourceTree = "<group>"; };
		8B67606D24C7873B00FD88EA /* Info.plist */ = {isa = PBXFileReference; lastKnownFileType = text.plist.xml; path = Info.plist; sourceTree = "<group>"; };
		8B67607224C7873B00FD88EA /* MyProjectUITests.xctest */ = {isa = PBXFileReference; explicitFileType = wrapper.cfbundle; includeInIndex = 0; path = MyProjectUITests.xctest; sourceTree = BUILT_PRODUCTS_DIR; };
		8B67607624C7873B00FD88EA /* MyProjectUITests.swift */ = {isa = PBXFileReference; lastKnownFileType = sourcecode.swift; path = MyProjectUITests.swift; sourceTree = "<group>"; };
		8B67607824C7873B00FD88EA /* Info.plist */ = {isa = PBXFileReference; lastKnownFileType = text.plist.xml; path = Info.plist; sourceTree = "<group>"; };
/* End PBXFileReference section */

/* Begin PBXFrameworksBuildPhase section */
		8B67604E24C7872C00FD88EA /* Frameworks */ = {
			isa = PBXFrameworksBuildPhase;
			buildActionMask = 2147483647;
			files = (
			);
			runOnlyForDeploymentPostprocessing = 0;
		};
		8B67606424C7873B00FD88EA /* Frameworks */ = {
			isa = PBXFrameworksBuildPhase;
			buildActionMask = 2147483647;
			files = (
			);
			runOnlyForDeploymentPostprocessing = 0;
		};
		8B67606F24C7873B00FD88EA /* Frameworks */ = {
			isa = PBXFrameworksBuildPhase;
			buildActionMask = 2147483647;
			files = (
			);
			runOnlyForDeploymentPostprocessing = 0;
		};
/* End PBXFrameworksBuildPhase section */

/* Begin PBXGroup section */
		8B67604824C7872B00FD88EA = {
			isa = PBXGroup;
			children = (
				8B67605324C7872C00FD88EA /* MyProject */,
				8B67606A24C7873B00FD88EA /* MyProjectTests */,
				8B67607524C7873B00FD88EA /* MyProjectUITests */,
				8B67605224C7872C00FD88EA /* Products */,
			);
			sourceTree = "<group>";
		};
		8B67605224C7872C00FD88EA /* Products */ = {
			isa = PBXGroup;
			children = (
				8B67605124C7872C00FD88EA /* MyProject.app */,
				8B67606724C7873B00FD88EA /* MyProjectTests.xctest */,
				8B67607224C7873B00FD88EA /* MyProjectUITests.xctest */,
			);
			name = Products;
			sourceTree = "<group>";
		};
		8B67605324C7872C00FD88EA /* MyProject */ = {
			isa = PBXGroup;
			children = (
				8B67605424C7872C00FD88EA /* AppDelegate.swift */,
				8B67605624C7872C00FD88EA /* SceneDelegate.swift */,
				8B67605824C7872C00FD88EA /* ViewController.swift */,
				8B67605A24C7872D00FD88EA /* Main.storyboard */,
				8B67605D24C7873A00FD88EA /* Assets.xcassets */,
				8B67605F24C7873A00FD88EA /* LaunchScreen.storyboard */,
				8B67606224C7873A00FD88EA /* Info.plist */,
			);
			path = MyProject;
			sourceTree = "<group>";
		};
		8B67606A24C7873B00FD88EA /* MyProjectTests */ = {
			isa = PBXGroup;
			children = (
				8B67606B24C7873B00FD88EA /* MyProjectTests.swift */,
				8B67606D24C7873B00FD88EA /* Info.plist */,
			);
			path = MyProjectTests;
			sourceTree = "<group>";
		};
		8B67607524C7873B00FD88EA /* MyProjectUITests */ = {
			isa = PBXGroup;
			children = (
				8B67607624C7873B00FD88EA /* MyProjectUITests.swift */,
				8B67607824C7873B00FD88EA /* Info.plist */,
			);
			path = MyProjectUITests;
			sourceTree = "<group>";
		};
/* End PBXGroup section */

/* Begin PBXNativeTarget section */
		8B67605024C7872C00FD88EA /* MyProject */ = {
			isa = PBXNativeTarget;
			buildConfigurationList = 8B67607B24C7873B00FD88EA /* Build configuration list for PBXNativeTarget "MyProject" */;
			buildPhases = (
				8B67604D24C7872C00FD88EA /* Sources */,
				8B67604E24C7872C00FD88EA /* Frameworks */,
				8B67604F24C7872C00FD88EA /* Resources */,
			);
			buildRules = (
			);
			dependencies = (
			);
			name = MyProject;
			productName = MyProject;
			productReference = 8B67605124C7872C00FD88EA /* MyProject.app */;
			productType = "com.apple.product-type.application";
		};
		8B67606624C7873B00FD88EA /* MyProjectTests */ = {
			isa = PBXNativeTarget;
			buildConfigurationList = 8B67607E24C7873B00FD88EA /* Build configuration list for PBXNativeTarget "MyProjectTests" */;
			buildPhases = (
				8B67606324C7873B00FD88EA /* Sources */,
				8B67606424C7873B00FD88EA /* Frameworks */,
				8B67606524C7873B00FD88EA /* Resources */,
			);
			buildRules = (
			);
			dependencies = (
				8B67606924C7873B00FD88EA /* PBXTargetDependency */,
			);
			name = MyProjectTests;
			productName = MyProjectTests;
			productReference = 8B67606724C7873B00FD88EA /* MyProjectTests.xctest */;
			productType = "com.apple.product-type.bundle.unit-test";
		};
		8B67607124C7873B00FD88EA /* MyProjectUITests */ = {
			isa = PBXNativeTarget;
			buildConfigurationList = 8B67608124C7873B00FD88EA /* Build configuration list for PBXNativeTarget "MyProjectUITests" */;
			buildPhases = (
				8B67606E24C7873B00FD88EA /* Sources */,
				8B67606F24C7873B00FD88EA /* Frameworks */,
				8B67607024C7873B00FD88EA /* Resources */,
			);
			buildRules = (
			);
			dependencies = (
				8B67607424C7873B00FD88EA /* PBXTargetDependency */,
			);
			name = MyProjectUITests;
			productName = MyProjectUITests;
			productReference = 8B67607224C7873B00FD88EA /* MyProjectUITests.xctest */;
			productType = "com.apple.product-type.bundle.ui-testing";
		};
/* End PBXNativeTarget section */

/* Begin PBXProject section */
		8B67604924C7872C00FD88EA /* Project object */ = {
			isa = PBXProject;
			attributes = {
				LastSwiftUpdateCheck = 1150;
				LastUpgradeCheck = 1150;
				ORGANIZATIONNAME = TMCF;
				TargetAttributes = {
					8B67605024C7872C00FD88EA = {
						CreatedOnToolsVersion = 11.5;
					};
					8B67606624C7873B00FD88EA = {
						CreatedOnToolsVersion = 11.5;
						TestTargetID = 8B67605024C7872C00FD88EA;
					};
					8B67607124C7873B00FD88EA = {
						CreatedOnToolsVersion = 11.5;
						TestTargetID = 8B67605024C7872C00FD88EA;
					};
				};
			};
			buildConfigurationList = 8B67604C24C7872C00FD88EA /* Build configuration list for PBXProject "MyProject" */;
			compatibilityVersion = "Xcode 9.3";
			developmentRegion = en;
			hasScannedForEncodings = 0;
			knownRegions = (
				en,
				Base,
			);
			mainGroup = 8B67604824C7872B00FD88EA;
			productRefGroup = 8B67605224C7872C00FD88EA /* Products */;
			projectDirPath = "";
			projectRoot = "";
			targets = (
				8B67605024C7872C00FD88EA /* MyProject */,
				8B67606624C7873B00FD88EA /* MyProjectTests */,
				8B67607124C7873B00FD88EA /* MyProjectUITests */,
			);
		};
/* End PBXProject section */

/* Begin PBXResourcesBuildPhase section */
		8B67604F24C7872C00FD88EA /* Resources */ = {
			isa = PBXResourcesBuildPhase;
			buildActionMask = 2147483647;
			files = (
				8B67606124C7873A00FD88EA /* LaunchScreen.storyboard in Resources */,
				8B67605E24C7873A00FD88EA /* Assets.xcassets in Resources */,
				8B67605C24C7872D00FD88EA /* Main.storyboard in Resources */,
			);
			runOnlyForDeploymentPostprocessing = 0;
		};
		8B67606524C7873B00FD88EA /* Resources */ = {
			isa = PBXResourcesBuildPhase;
			buildActionMask = 2147483647;
			files = (
			);
			runOnlyForDeploymentPostprocessing = 0;
		};
		8B67607024C7873B00FD88EA /* Resources */ = {
			isa = PBXResourcesBuildPhase;
			buildActionMask = 2147483647;
			files = (
			);
			runOnlyForDeploymentPostprocessing = 0;
		};
/* End PBXResourcesBuildPhase section */

/* Begin PBXSourcesBuildPhase section */
		8B67604D24C7872C00FD88EA /* Sources */ = {
			isa = PBXSourcesBuildPhase;
			buildActionMask = 2147483647;
			files = (
				8B67605924C7872C00FD88EA /* ViewController.swift in Sources */,
				8B67605524C7872C00FD88EA /* AppDelegate.swift in Sources */,
				8B67605724C7872C00FD88EA /* SceneDelegate.swift in Sources */,
			);
			runOnlyForDeploymentPostprocessing = 0;
		};
		8B67606324C7873B00FD88EA /* Sources */ = {
			isa = PBXSourcesBuildPhase;
			buildActionMask = 2147483647;
			files = (
				8B67606C24C7873B00FD88EA /* MyProjectTests.swift in Sources */,
			);
			runOnlyForDeploymentPostprocessing = 0;
		};
		8B67606E24C7873B00FD88EA /* Sources */ = {
			isa = PBXSourcesBuildPhase;
			buildActionMask = 2147483647;
			files = (
				8B67607724C7873B00FD88EA /* MyProjectUITests.swift in Sources */,
			);
			runOnlyForDeploymentPostprocessing = 0;
		};
/* End PBXSourcesBuildPhase section */

/* Begin PBXTargetDependency section */
		8B67606924C7873B00FD88EA /* PBXTargetDependency */ = {
			isa = PBXTargetDependency;
			target = 8B67605024C7872C00FD88EA /* MyProject */;
			targetProxy = 8B67606824C7873B00FD88EA /* PBXContainerItemProxy */;
		};
		8B67607424C7873B00FD88EA /* PBXTargetDependency */ = {
			isa = PBXTargetDependency;
			target = 8B67605024C7872C00FD88EA /* MyProject */;
			targetProxy = 8B67607324C7873B00FD88EA /* PBXContainerItemProxy */;
		};
/* End PBXTargetDependency section */

/* Begin PBXVariantGroup section */
		8B67605A24C7872D00FD88EA /* Main.storyboard */ = {
			isa = PBXVariantGroup;
			children = (
				8B67605B24C7872D00FD88EA /* Base */,
			);
			name = Main.storyboard;
			sourceTree = "<group>";
		};
		8B67605F24C7873A00FD88EA /* LaunchScreen.storyboard */ = {
			isa = PBXVariantGroup;
			children = (
				8B67606024C7873A00FD88EA /* Base */,
			);
			name = LaunchScreen.storyboard;
			sourceTree = "<group>";
		};
/* End PBXVariantGroup section */

/* Begin XCBuildConfiguration section */
		8B67607924C7873B00FD88EA /* Debug */ = {
			isa = XCBuildConfiguration;
			buildSettings = {
				ALWAYS_SEARCH_USER_PATHS = NO;
				CLANG_ANALYZER_NONNULL = YES;
				CLANG_ANALYZER_NUMBER_OBJECT_CONVERSION = YES_AGGRESSIVE;
				CLANG_CXX_LANGUAGE_STANDARD = "gnu++14";
				CLANG_CXX_LIBRARY = "libc++";
				CLANG_ENABLE_MODULES = YES;
				CLANG_ENABLE_OBJC_ARC = YES;
				CLANG_ENABLE_OBJC_WEAK = YES;
				CLANG_WARN_BLOCK_CAPTURE_AUTORELEASING = YES;
				CLANG_WARN_BOOL_CONVERSION = YES;
				CLANG_WARN_COMMA = YES;
				CLANG_WARN_CONSTANT_CONVERSION = YES;
				CLANG_WARN_DEPRECATED_OBJC_IMPLEMENTATIONS = YES;
				CLANG_WARN_DIRECT_OBJC_ISA_USAGE = YES_ERROR;
				CLANG_WARN_DOCUMENTATION_COMMENTS = YES;
				CLANG_WARN_EMPTY_BODY = YES;
				CLANG_WARN_ENUM_CONVERSION = YES;
				CLANG_WARN_INFINITE_RECURSION = YES;
				CLANG_WARN_INT_CONVERSION = YES;
				CLANG_WARN_NON_LITERAL_NULL_CONVERSION = YES;
				CLANG_WARN_OBJC_IMPLICIT_RETAIN_SELF = YES;
				CLANG_WARN_OBJC_LITERAL_CONVERSION = YES;
				CLANG_WARN_OBJC_ROOT_CLASS = YES_ERROR;
				CLANG_WARN_RANGE_LOOP_ANALYSIS = YES;
				CLANG_WARN_STRICT_PROTOTYPES = YES;
				CLANG_WARN_SUSPICIOUS_MOVE = YES;
				CLANG_WARN_UNGUARDED_AVAILABILITY = YES_AGGRESSIVE;
				CLANG_WARN_UNREACHABLE_CODE = YES;
				CLANG_WARN__DUPLICATE_METHOD_MATCH = YES;
				COPY_PHASE_STRIP = NO;
				DEBUG_INFORMATION_FORMAT = dwarf;
				ENABLE_STRICT_OBJC_MSGSEND = YES;
				ENABLE_TESTABILITY = YES;
				GCC_C_LANGUAGE_STANDARD = gnu11;
				GCC_DYNAMIC_NO_PIC = NO;
				GCC_NO_COMMON_BLOCKS = YES;
				GCC_OPTIMIZATION_LEVEL = 0;
				GCC_PREPROCESSOR_DEFINITIONS = (
					"DEBUG=1",
					"$(inherited)",
				);
				GCC_WARN_64_TO_32_BIT_CONVERSION = YES;
				GCC_WARN_ABOUT_RETURN_TYPE = YES_ERROR;
				GCC_WARN_UNDECLARED_SELECTOR = YES;
				GCC_WARN_UNINITIALIZED_AUTOS = YES_AGGRESSIVE;
				GCC_WARN_UNUSED_FUNCTION = YES;
				GCC_WARN_UNUSED_VARIABLE = YES;
				IPHONEOS_DEPLOYMENT_TARGET = 13.5;
				MTL_ENABLE_DEBUG_INFO = INCLUDE_SOURCE;
				MTL_FAST_MATH = YES;
				ONLY_ACTIVE_ARCH = YES;
				SDKROOT = iphoneos;
				SWIFT_ACTIVE_COMPILATION_CONDITIONS = DEBUG;
				SWIFT_OPTIMIZATION_LEVEL = "-Onone";
			};
			name = Debug;
		};
		8B67607A24C7873B00FD88EA /* Release */ = {
			isa = XCBuildConfiguration;
			buildSettings = {
				ALWAYS_SEARCH_USER_PATHS = NO;
				CLANG_ANALYZER_NONNULL = YES;
				CLANG_ANALYZER_NUMBER_OBJECT_CONVERSION = YES_AGGRESSIVE;
				CLANG_CXX_LANGUAGE_STANDARD = "gnu++14";
				CLANG_CXX_LIBRARY = "libc++";
				CLANG_ENABLE_MODULES = YES;
				CLANG_ENABLE_OBJC_ARC = YES;
				CLANG_ENABLE_OBJC_WEAK = YES;
				CLANG_WARN_BLOCK_CAPTURE_AUTORELEASING = YES;
				CLANG_WARN_BOOL_CONVERSION = YES;
				CLANG_WARN_COMMA = YES;
				CLANG_WARN_CONSTANT_CONVERSION = YES;
				CLANG_WARN_DEPRECATED_OBJC_IMPLEMENTATIONS = YES;
				CLANG_WARN_DIRECT_OBJC_ISA_USAGE = YES_ERROR;
				CLANG_WARN_DOCUMENTATION_COMMENTS = YES;
				CLANG_WARN_EMPTY_BODY = YES;
				CLANG_WARN_ENUM_CONVERSION = YES;
				CLANG_WARN_INFINITE_RECURSION = YES;
				CLANG_WARN_INT_CONVERSION = YES;
				CLANG_WARN_NON_LITERAL_NULL_CONVERSION = YES;
				CLANG_WARN_OBJC_IMPLICIT_RETAIN_SELF = YES;
				CLANG_WARN_OBJC_LITERAL_CONVERSION = YES;
				CLANG_WARN_OBJC_ROOT_CLASS = YES_ERROR;
				CLANG_WARN_RANGE_LOOP_ANALYSIS = YES;
				CLANG_WARN_STRICT_PROTOTYPES = YES;
				CLANG_WARN_SUSPICIOUS_MOVE = YES;
				CLANG_WARN_UNGUARDED_AVAILABILITY = YES_AGGRESSIVE;
				CLANG_WARN_UNREACHABLE_CODE = YES;
				CLANG_WARN__DUPLICATE_METHOD_MATCH = YES;
				COPY_PHASE_STRIP = NO;
				DEBUG_INFORMATION_FORMAT = "dwarf-with-dsym";
				ENABLE_NS_ASSERTIONS = NO;
				ENABLE_STRICT_OBJC_MSGSEND = YES;
				GCC_C_LANGUAGE_STANDARD = gnu11;
				GCC_NO_COMMON_BLOCKS = YES;
				GCC_WARN_64_TO_32_BIT_CONVERSION = YES;
				GCC_WARN_ABOUT_RETURN_TYPE = YES_ERROR;
				GCC_WARN_UNDECLARED_SELECTOR = YES;
				GCC_WARN_UNINITIALIZED_AUTOS = YES_AGGRESSIVE;
				GCC_WARN_UNUSED_FUNCTION = YES;
				GCC_WARN_UNUSED_VARIABLE = YES;
				IPHONEOS_DEPLOYMENT_TARGET = 13.5;
				MTL_ENABLE_DEBUG_INFO = NO;
				MTL_FAST_MATH = YES;
				SDKROOT = iphoneos;
				SWIFT_COMPILATION_MODE = wholemodule;
				SWIFT_OPTIMIZATION_LEVEL = "-O";
				VALIDATE_PRODUCT = YES;
			};
			name = Release;
		};
		8B67607C24C7873B00FD88EA /* Debug */ = {
			isa = XCBuildConfiguration;
			buildSettings = {
				ASSETCATALOG_COMPILER_APPICON_NAME = AppIcon;
				CODE_SIGN_STYLE = Automatic;
				DEVELOPMENT_TEAM = C865QX4Z43;
				INFOPLIST_FILE = MyProject/Info.plist;
				LD_RUNPATH_SEARCH_PATHS = (
					"$(inherited)",
					"@executable_path/Frameworks",
				);
				PRODUCT_BUNDLE_IDENTIFIER = TMCF.MyProject;
				PRODUCT_NAME = "$(TARGET_NAME)";
				SWIFT_VERSION = 5.0;
				TARGETED_DEVICE_FAMILY = "1,2";
			};
			name = Debug;
		};
		8B67607D24C7873B00FD88EA /* Release */ = {
			isa = XCBuildConfiguration;
			buildSettings = {
				ASSETCATALOG_COMPILER_APPICON_NAME = AppIcon;
				CODE_SIGN_STYLE = Automatic;
				DEVELOPMENT_TEAM = C865QX4Z43;
				INFOPLIST_FILE = MyProject/Info.plist;
				LD_RUNPATH_SEARCH_PATHS = (
					"$(inherited)",
					"@executable_path/Frameworks",
				);
				PRODUCT_BUNDLE_IDENTIFIER = TMCF.MyProject;
				PRODUCT_NAME = "$(TARGET_NAME)";
				SWIFT_VERSION = 5.0;
				TARGETED_DEVICE_FAMILY = "1,2";
			};
			name = Release;
		};
		8B67607F24C7873B00FD88EA /* Debug */ = {
			isa = XCBuildConfiguration;
			buildSettings = {
				ALWAYS_EMBED_SWIFT_STANDARD_LIBRARIES = YES;
				BUNDLE_LOADER = "$(TEST_HOST)";
				CODE_SIGN_STYLE = Automatic;
				DEVELOPMENT_TEAM = C865QX4Z43;
				INFOPLIST_FILE = MyProjectTests/Info.plist;
				IPHONEOS_DEPLOYMENT_TARGET = 13.5;
				LD_RUNPATH_SEARCH_PATHS = (
					"$(inherited)",
					"@executable_path/Frameworks",
					"@loader_path/Frameworks",
				);
				PRODUCT_BUNDLE_IDENTIFIER = TMCF.MyProjectTests;
				PRODUCT_NAME = "$(TARGET_NAME)";
				SWIFT_VERSION = 5.0;
				TARGETED_DEVICE_FAMILY = "1,2";
				TEST_HOST = "$(BUILT_PRODUCTS_DIR)/MyProject.app/MyProject";
			};
			name = Debug;
		};
		8B67608024C7873B00FD88EA /* Release */ = {
			isa = XCBuildConfiguration;
			buildSettings = {
				ALWAYS_EMBED_SWIFT_STANDARD_LIBRARIES = YES;
				BUNDLE_LOADER = "$(TEST_HOST)";
				CODE_SIGN_STYLE = Automatic;
				DEVELOPMENT_TEAM = C865QX4Z43;
				INFOPLIST_FILE = MyProjectTests/Info.plist;
				IPHONEOS_DEPLOYMENT_TARGET = 13.5;
				LD_RUNPATH_SEARCH_PATHS = (
					"$(inherited)",
					"@executable_path/Frameworks",
					"@loader_path/Frameworks",
				);
				PRODUCT_BUNDLE_IDENTIFIER = TMCF.MyProjectTests;
				PRODUCT_NAME = "$(TARGET_NAME)";
				SWIFT_VERSION = 5.0;
				TARGETED_DEVICE_FAMILY = "1,2";
				TEST_HOST = "$(BUILT_PRODUCTS_DIR)/MyProject.app/MyProject";
			};
			name = Release;
		};
		8B67608224C7873B00FD88EA /* Debug */ = {
			isa = XCBuildConfiguration;
			buildSettings = {
				ALWAYS_EMBED_SWIFT_STANDARD_LIBRARIES = YES;
				CODE_SIGN_STYLE = Automatic;
				DEVELOPMENT_TEAM = C865QX4Z43;
				INFOPLIST_FILE = MyProjectUITests/Info.plist;
				LD_RUNPATH_SEARCH_PATHS = (
					"$(inherited)",
					"@executable_path/Frameworks",
					"@loader_path/Frameworks",
				);
				PRODUCT_BUNDLE_IDENTIFIER = TMCF.MyProjectUITests;
				PRODUCT_NAME = "$(TARGET_NAME)";
				SWIFT_VERSION = 5.0;
				TARGETED_DEVICE_FAMILY = "1,2";
				TEST_TARGET_NAME = MyProject;
			};
			name = Debug;
		};
		8B67608324C7873B00FD88EA /* Release */ = {
			isa = XCBuildConfiguration;
			buildSettings = {
				ALWAYS_EMBED_SWIFT_STANDARD_LIBRARIES = YES;
				CODE_SIGN_STYLE = Automatic;
				DEVELOPMENT_TEAM = C865QX4Z43;
				INFOPLIST_FILE = MyProjectUITests/Info.plist;
				LD_RUNPATH_SEARCH_PATHS = (
					"$(inherited)",
					"@executable_path/Frameworks",
					"@loader_path/Frameworks",
				);
				PRODUCT_BUNDLE_IDENTIFIER = TMCF.MyProjectUITests;
				PRODUCT_NAME = "$(TARGET_NAME)";
				SWIFT_VERSION = 5.0;
				TARGETED_DEVICE_FAMILY = "1,2";
				TEST_TARGET_NAME = MyProject;
			};
			name = Release;
		};
/* End XCBuildConfiguration section */

/* Begin XCConfigurationList section */
		8B67604C24C7872C00FD88EA /* Build configuration list for PBXProject "MyProject" */ = {
			isa = XCConfigurationList;
			buildConfigurations = (
				8B67607924C7873B00FD88EA /* Debug */,
				8B67607A24C7873B00FD88EA /* Release */,
			);
			defaultConfigurationIsVisible = 0;
			defaultConfigurationName = Release;
		};
		8B67607B24C7873B00FD88EA /* Build configuration list for PBXNativeTarget "MyProject" */ = {
			isa = XCConfigurationList;
			buildConfigurations = (
				8B67607C24C7873B00FD88EA /* Debug */,
				8B67607D24C7873B00FD88EA /* Release */,
			);
			defaultConfigurationIsVisible = 0;
			defaultConfigurationName = Release;
		};
		8B67607E24C7873B00FD88EA /* Build configuration list for PBXNativeTarget "MyProjectTests" */ = {
			isa = XCConfigurationList;
			buildConfigurations = (
				8B67607F24C7873B00FD88EA /* Debug */,
				8B67608024C7873B00FD88EA /* Release */,
			);
			defaultConfigurationIsVisible = 0;
			defaultConfigurationName = Release;
		};
		8B67608124C7873B00FD88EA /* Build configuration list for PBXNativeTarget "MyProjectUITests" */ = {
			isa = XCConfigurationList;
			buildConfigurations = (
				8B67608224C7873B00FD88EA /* Debug */,
				8B67608324C7873B00FD88EA /* Release */,
			);
			defaultConfigurationIsVisible = 0;
			defaultConfigurationName = Release;
		};
/* End XCConfigurationList section */
	};
	rootObject = 8B67604924C7872C00FD88EA /* Project object */;
}
